
Microsoft Visual Studio Solution File, Format Version 12.00
# Visual Studio Version 17
VisualStudioVersion = 17.2.32630.192
MinimumVisualStudioVersion = 10.0.40219.1
Project("{FAE04EC0-301F-11D3-BF4B-00C04F79EFBC}") = "BotService", "BotService\BotService.csproj", "{2E94C60B-EDDF-414E-9A07-DD57878BB53A}"
EndProject
Project("{FAE04EC0-301F-11D3-BF4B-00C04F79EFBC}") = "BotService.Tests", "BotService.Tests\BotService.Tests.csproj", "{44F1087B-1636-45AA-83B5-DBA5E8E16EDB}"
EndProject
Project("{FAE04EC0-301F-11D3-BF4B-00C04F79EFBC}") = "BotServiceConsoleApp", "BotServiceConsoleApp\BotServiceConsoleApp.csproj", "{7F501850-CF94-47E6-BCA2-D239C7450E8D}"
EndProject
Global
	GlobalSection(SolutionConfigurationPlatforms) = preSolution
		Debug|Any CPU = Debug|Any CPU
		Release|Any CPU = Release|Any CPU
	EndGlobalSection
	GlobalSection(ProjectConfigurationPlatforms) = postSolution
		{2E94C60B-EDDF-414E-9A07-DD57878BB53A}.Debug|Any CPU.ActiveCfg = Debug|Any CPU
		{2E94C60B-EDDF-414E-9A07-DD57878BB53A}.Debug|Any CPU.Build.0 = Debug|Any CPU
		{2E94C60B-EDDF-414E-9A07-DD57878BB53A}.Release|Any CPU.ActiveCfg = Release|Any CPU
		{2E94C60B-EDDF-414E-9A07-DD57878BB53A}.Release|Any CPU.Build.0 = Release|Any CPU
		{44F1087B-1636-45AA-83B5-DBA5E8E16EDB}.Debug|Any CPU.ActiveCfg = Debug|Any CPU
		{44F1087B-1636-45AA-83B5-DBA5E8E16EDB}.Debug|Any CPU.Build.0 = Debug|Any CPU
		{44F1087B-1636-45AA-83B5-DBA5E8E16EDB}.Release|Any CPU.ActiveCfg = Release|Any CPU
		{44F1087B-1636-45AA-83B5-DBA5E8E16EDB}.Release|Any CPU.Build.0 = Release|Any CPU
		{7F501850-CF94-47E6-BCA2-D239C7450E8D}.Debug|Any CPU.ActiveCfg = Debug|Any CPU
		{7F501850-CF94-47E6-BCA2-D239C7450E8D}.Debug|Any CPU.Build.0 = Debug|Any CPU
		{7F501850-CF94-47E6-BCA2-D239C7450E8D}.Release|Any CPU.ActiveCfg = Release|Any CPU
		{7F501850-CF94-47E6-BCA2-D239C7450E8D}.Release|Any CPU.Build.0 = Release|Any CPU
	EndGlobalSection
	GlobalSection(SolutionProperties) = preSolution
		HideSolutionNode = FALSE
	EndGlobalSection
	GlobalSection(ExtensibilityGlobals) = postSolution
		SolutionGuid = {1FAD89C8-A977-4B4E-BDFC-5AE8BC3E5506}
	EndGlobalSection
EndGlobal
